
Microsoft Visual Studio Solution File, Format Version 12.00
# Visual Studio Version 16
VisualStudioVersion = 16.0.29209.152
MinimumVisualStudioVersion = 10.0.40219.1
Project("{9A19103F-16F7-4668-BE54-9A1E7A4F7556}") = "FhirKhit.BreastRadiology.XUnitTests", "FhirKhit.BreastRadiology.XUnitTests.csproj", "{134A0C7E-EA71-4134-9746-BA508F470D41}"
EndProject
Global
	GlobalSection(SolutionConfigurationPlatforms) = preSolution
		Debug|Any CPU = Debug|Any CPU
		Release|Any CPU = Release|Any CPU
	EndGlobalSection
	GlobalSection(ProjectConfigurationPlatforms) = postSolution
		{134A0C7E-EA71-4134-9746-BA508F470D41}.Debug|Any CPU.ActiveCfg = Debug|Any CPU
		{134A0C7E-EA71-4134-9746-BA508F470D41}.Debug|Any CPU.Build.0 = Debug|Any CPU
		{134A0C7E-EA71-4134-9746-BA508F470D41}.Release|Any CPU.ActiveCfg = Release|Any CPU
		{134A0C7E-EA71-4134-9746-BA508F470D41}.Release|Any CPU.Build.0 = Release|Any CPU
	EndGlobalSection
	GlobalSection(SolutionProperties) = preSolution
		HideSolutionNode = FALSE
	EndGlobalSection
	GlobalSection(ExtensibilityGlobals) = postSolution
		SolutionGuid = {A7C14720-04F5-4FA7-933A-A1BA4B97BACA}
	EndGlobalSection
EndGlobal
